{
  "name": "risewell",
  "version": "1.0.0",
  "lockfileVersion": 3,
  "requires": true,
  "packages": {
    "": {
      "name": "risewell",
      "version": "1.0.0",
      "license": "ISC",
      "devDependencies": {
        "@fontsource-variable/nunito": "^5.3.0"
      }
    },
    "node_modules/@fontsource-variable/nunito": {
      "version": "5.3.0",
      "resolved": "https://registry.npmjs.org/@fontsource-variable/nunito/-/nunito-5.3.0.tgz",
      "integrity": "sha512-tw0ch7evIDSwoeUy+0XzocYHfbRWLeCRPJy22KgbrLjDLAbNw/fErBiil10Ssrs3Sjr55zaZrr36a975j8cBkQ==",
      "dev": true,
      "license": "OFL-1.1",
      "funding": {
        "url": "https://github.com/sponsors/ayuhito"
      }
    }
  }
}
